PODS:
  - AdColony (4.7.2)
  - AppLovinMediationAdColonyAdapter (4.7.2.0.0):
    - AdColony (= 4.7.2)
    - AppLovinSDK
  - AppLovinMediationFacebookAdapter (6.9.0.2):
    - AppLovinSDK
    - FBAudienceNetwork (= 6.9.0)
  - AppLovinMediationTapjoyAdapter (12.8.1.0):
    - AppLovinSDK
    - TapjoySDK (= 12.8.1)
  - AppLovinMediationUnityAdsAdapter (4.0.0.0):
    - AppLovinSDK
    - UnityAds (= 4.0.0)
  - AppLovinMediationVungleAdapter (6.10.2.0):
    - AppLovinSDK
    - VungleSDK-iOS (= 6.10.2)
  - AppLovinSDK (10.3.2)
  - FBAudienceNetwork (6.9.0)
  - Flutter (1.0.0)
  - flutter_applovin_max (0.1.0):
    - AppLovinSDK
    - Flutter
  - TapjoySDK (12.8.1)
  - UnityAds (4.0.0)
  - VungleSDK-iOS (6.10.2)

DEPENDENCIES:
  - AppLovinMediationAdColonyAdapter
  - AppLovinMediationFacebookAdapter
  - AppLovinMediationTapjoyAdapter
  - AppLovinMediationUnityAdsAdapter
  - AppLovinMediationVungleAdapter
  - Flutter (from `Flutter`)
  - flutter_applovin_max (from `.symlinks/plugins/flutter_applovin_max/ios`)

SPEC REPOS:
  trunk:
    - AdColony
    - AppLovinMediationAdColonyAdapter
    - AppLovinMediationFacebookAdapter
    - AppLovinMediationTapjoyAdapter
    - AppLovinMediationUnityAdsAdapter
    - AppLovinMediationVungleAdapter
    - AppLovinSDK
    - FBAudienceNetwork
    - TapjoySDK
    - UnityAds
    - VungleSDK-iOS

EXTERNAL SOURCES:
  Flutter:
    :path: Flutter
  flutter_applovin_max:
    :path: ".symlinks/plugins/flutter_applovin_max/ios"

SPEC CHECKSUMS:
  AdColony: 970af2bff1e500c8a681bfcbd85f8054c0f57071
  AppLovinMediationAdColonyAdapter: 4f36e7aba30e94323fa9354ffa2f220d7912eb61
  AppLovinMediationFacebookAdapter: 98d4ed95eef4098ce47d22251e2d2903b576a8d4
  AppLovinMediationTapjoyAdapter: 0b0625cc676afb462b4f10d3c7cb75d96a6013b1
  AppLovinMediationUnityAdsAdapter: 28d4ebcee06b07b8511caa6c67218b7ee60d3a98
  AppLovinMediationVungleAdapter: 4d12fcbab9976f26b85a8e74bac0881a61983004
  AppLovinSDK: 3bbfef1e3ac84d85f556fda26e50f5a70230b970
  FBAudienceNetwork: 83096d73433759c10f9cf9b3bad5e5cff58694cb
  Flutter: 50d75fe2f02b26cc09d224853bb45737f8b3214a
  flutter_applovin_max: 396189a0b73c26b28ad61b9f91611426a03ef83e
  TapjoySDK: 6d344dfb0cd205014c9286580d5c97857b170402
  UnityAds: 9649e17d2d255f91c0a84e00062a0d07d8fba8a5
  VungleSDK-iOS: 794c22a0ea0339c9767da80d63b7c07b8042ddc4

PODFILE CHECKSUM: 57e883103bbc8f8136851a3a1fe58903604493a7

COCOAPODS: 1.11.2
